
Microsoft Visual Studio Solution File, Format Version 12.00
# Visual Studio Version 17
VisualStudioVersion = 17.7.34003.232
MinimumVisualStudioVersion = 10.0.40219.1
Project("{9A19103F-16F7-4668-BE54-9A1E7A4F7556}") = "Library_DAL_2", "Library_DAL_2\Library_DAL_2.csproj", "{F8B547CB-E3AA-4785-930B-28F090FC9708}"
EndProject
Project("{9A19103F-16F7-4668-BE54-9A1E7A4F7556}") = "UseContextInfo", "LibraryProcessing\UseContextInfo.csproj", "{4B6EF122-68AB-40F5-9181-2D378C1AB723}"
EndProject
Project("{9A19103F-16F7-4668-BE54-9A1E7A4F7556}") = "Library.API", "Library.API\Library.API.csproj", "{EC6544E3-CD0F-4B4D-9288-E603D7B1633E}"
EndProject
Project("{9A19103F-16F7-4668-BE54-9A1E7A4F7556}") = "Library.Services", "Services\Library.Services.csproj", "{AA2521B3-0F1E-4774-88A6-03FEF000E63D}"
EndProject
Project("{9A19103F-16F7-4668-BE54-9A1E7A4F7556}") = "Library.Repository", "Library.Repository\Library.Repository.csproj", "{34DD2D22-1DEF-4BCA-99A3-DA67C2343687}"
EndProject
Project("{FAE04EC0-301F-11D3-BF4B-00C04F79EFBC}") = "Library.Common", "Common\Library.Common.csproj", "{97467934-9B1F-4DC7-B133-B584303D784D}"
EndProject
Global
	GlobalSection(SolutionConfigurationPlatforms) = preSolution
		Debug|Any CPU = Debug|Any CPU
		Debug|ARM = Debug|ARM
		Debug|ARM64 = Debug|ARM64
		Debug|x64 = Debug|x64
		Debug|x86 = Debug|x86
		Release|Any CPU = Release|Any CPU
		Release|ARM = Release|ARM
		Release|ARM64 = Release|ARM64
		Release|x64 = Release|x64
		Release|x86 = Release|x86
	EndGlobalSection
	GlobalSection(ProjectConfigurationPlatforms) = postSolution
		{F8B547CB-E3AA-4785-930B-28F090FC9708}.Debug|Any CPU.ActiveCfg = Debug|Any CPU
		{F8B547CB-E3AA-4785-930B-28F090FC9708}.Debug|Any CPU.Build.0 = Debug|Any CPU
		{F8B547CB-E3AA-4785-930B-28F090FC9708}.Debug|ARM.ActiveCfg = Debug|Any CPU
		{F8B547CB-E3AA-4785-930B-28F090FC9708}.Debug|ARM.Build.0 = Debug|Any CPU
		{F8B547CB-E3AA-4785-930B-28F090FC9708}.Debug|ARM64.ActiveCfg = Debug|Any CPU
		{F8B547CB-E3AA-4785-930B-28F090FC9708}.Debug|ARM64.Build.0 = Debug|Any CPU
		{F8B547CB-E3AA-4785-930B-28F090FC9708}.Debug|x64.ActiveCfg = Debug|Any CPU
		{F8B547CB-E3AA-4785-930B-28F090FC9708}.Debug|x64.Build.0 = Debug|Any CPU
		{F8B547CB-E3AA-4785-930B-28F090FC9708}.Debug|x86.ActiveCfg = Debug|Any CPU
		{F8B547CB-E3AA-4785-930B-28F090FC9708}.Debug|x86.Build.0 = Debug|Any CPU
		{F8B547CB-E3AA-4785-930B-28F090FC9708}.Release|Any CPU.ActiveCfg = Release|Any CPU
		{F8B547CB-E3AA-4785-930B-28F090FC9708}.Release|Any CPU.Build.0 = Release|Any CPU
		{F8B547CB-E3AA-4785-930B-28F090FC9708}.Release|ARM.ActiveCfg = Release|Any CPU
		{F8B547CB-E3AA-4785-930B-28F090FC9708}.Release|ARM.Build.0 = Release|Any CPU
		{F8B547CB-E3AA-4785-930B-28F090FC9708}.Release|ARM64.ActiveCfg = Release|Any CPU
		{F8B547CB-E3AA-4785-930B-28F090FC9708}.Release|ARM64.Build.0 = Release|Any CPU
		{F8B547CB-E3AA-4785-930B-28F090FC9708}.Release|x64.ActiveCfg = Release|Any CPU
		{F8B547CB-E3AA-4785-930B-28F090FC9708}.Release|x64.Build.0 = Release|Any CPU
		{F8B547CB-E3AA-4785-930B-28F090FC9708}.Release|x86.ActiveCfg = Release|Any CPU
		{F8B547CB-E3AA-4785-930B-28F090FC9708}.Release|x86.Build.0 = Release|Any CPU
		{4B6EF122-68AB-40F5-9181-2D378C1AB723}.Debug|Any CPU.ActiveCfg = Debug|Any CPU
		{4B6EF122-68AB-40F5-9181-2D378C1AB723}.Debug|Any CPU.Build.0 = Debug|Any CPU
		{4B6EF122-68AB-40F5-9181-2D378C1AB723}.Debug|ARM.ActiveCfg = Debug|Any CPU
		{4B6EF122-68AB-40F5-9181-2D378C1AB723}.Debug|ARM.Build.0 = Debug|Any CPU
		{4B6EF122-68AB-40F5-9181-2D378C1AB723}.Debug|ARM64.ActiveCfg = Debug|Any CPU
		{4B6EF122-68AB-40F5-9181-2D378C1AB723}.Debug|ARM64.Build.0 = Debug|Any CPU
		{4B6EF122-68AB-40F5-9181-2D378C1AB723}.Debug|x64.ActiveCfg = Debug|Any CPU
		{4B6EF122-68AB-40F5-9181-2D378C1AB723}.Debug|x64.Build.0 = Debug|Any CPU
		{4B6EF122-68AB-40F5-9181-2D378C1AB723}.Debug|x86.ActiveCfg = Debug|Any CPU
		{4B6EF122-68AB-40F5-9181-2D378C1AB723}.Debug|x86.Build.0 = Debug|Any CPU
		{4B6EF122-68AB-40F5-9181-2D378C1AB723}.Release|Any CPU.ActiveCfg = Release|Any CPU
		{4B6EF122-68AB-40F5-9181-2D378C1AB723}.Release|Any CPU.Build.0 = Release|Any CPU
		{4B6EF122-68AB-40F5-9181-2D378C1AB723}.Release|ARM.ActiveCfg = Release|Any CPU
		{4B6EF122-68AB-40F5-9181-2D378C1AB723}.Release|ARM.Build.0 = Release|Any CPU
		{4B6EF122-68AB-40F5-9181-2D378C1AB723}.Release|ARM64.ActiveCfg = Release|Any CPU
		{4B6EF122-68AB-40F5-9181-2D378C1AB723}.Release|ARM64.Build.0 = Release|Any CPU
		{4B6EF122-68AB-40F5-9181-2D378C1AB723}.Release|x64.ActiveCfg = Release|Any CPU
		{4B6EF122-68AB-40F5-9181-2D378C1AB723}.Release|x64.Build.0 = Release|Any CPU
		{4B6EF122-68AB-40F5-9181-2D378C1AB723}.Release|x86.ActiveCfg = Release|Any CPU
		{4B6EF122-68AB-40F5-9181-2D378C1AB723}.Release|x86.Build.0 = Release|Any CPU
		{EC6544E3-CD0F-4B4D-9288-E603D7B1633E}.Debug|Any CPU.ActiveCfg = Debug|Any CPU
		{EC6544E3-CD0F-4B4D-9288-E603D7B1633E}.Debug|Any CPU.Build.0 = Debug|Any CPU
		{EC6544E3-CD0F-4B4D-9288-E603D7B1633E}.Debug|ARM.ActiveCfg = Debug|Any CPU
		{EC6544E3-CD0F-4B4D-9288-E603D7B1633E}.Debug|ARM.Build.0 = Debug|Any CPU
		{EC6544E3-CD0F-4B4D-9288-E603D7B1633E}.Debug|ARM64.ActiveCfg = Debug|Any CPU
		{EC6544E3-CD0F-4B4D-9288-E603D7B1633E}.Debug|ARM64.Build.0 = Debug|Any CPU
		{EC6544E3-CD0F-4B4D-9288-E603D7B1633E}.Debug|x64.ActiveCfg = Debug|Any CPU
		{EC6544E3-CD0F-4B4D-9288-E603D7B1633E}.Debug|x64.Build.0 = Debug|Any CPU
		{EC6544E3-CD0F-4B4D-9288-E603D7B1633E}.Debug|x86.ActiveCfg = Debug|Any CPU
		{EC6544E3-CD0F-4B4D-9288-E603D7B1633E}.Debug|x86.Build.0 = Debug|Any CPU
		{EC6544E3-CD0F-4B4D-9288-E603D7B1633E}.Release|Any CPU.ActiveCfg = Release|Any CPU
		{EC6544E3-CD0F-4B4D-9288-E603D7B1633E}.Release|Any CPU.Build.0 = Release|Any CPU
		{EC6544E3-CD0F-4B4D-9288-E603D7B1633E}.Release|ARM.ActiveCfg = Release|Any CPU
		{EC6544E3-CD0F-4B4D-9288-E603D7B1633E}.Release|ARM.Build.0 = Release|Any CPU
		{EC6544E3-CD0F-4B4D-9288-E603D7B1633E}.Release|ARM64.ActiveCfg = Release|Any CPU
		{EC6544E3-CD0F-4B4D-9288-E603D7B1633E}.Release|ARM64.Build.0 = Release|Any CPU
		{EC6544E3-CD0F-4B4D-9288-E603D7B1633E}.Release|x64.ActiveCfg = Release|Any CPU
		{EC6544E3-CD0F-4B4D-9288-E603D7B1633E}.Release|x64.Build.0 = Release|Any CPU
		{EC6544E3-CD0F-4B4D-9288-E603D7B1633E}.Release|x86.ActiveCfg = Release|Any CPU
		{EC6544E3-CD0F-4B4D-9288-E603D7B1633E}.Release|x86.Build.0 = Release|Any CPU
		{AA2521B3-0F1E-4774-88A6-03FEF000E63D}.Debug|Any CPU.ActiveCfg = Debug|Any CPU
		{AA2521B3-0F1E-4774-88A6-03FEF000E63D}.Debug|Any CPU.Build.0 = Debug|Any CPU
		{AA2521B3-0F1E-4774-88A6-03FEF000E63D}.Debug|ARM.ActiveCfg = Debug|Any CPU
		{AA2521B3-0F1E-4774-88A6-03FEF000E63D}.Debug|ARM.Build.0 = Debug|Any CPU
		{AA2521B3-0F1E-4774-88A6-03FEF000E63D}.Debug|ARM64.ActiveCfg = Debug|Any CPU
		{AA2521B3-0F1E-4774-88A6-03FEF000E63D}.Debug|ARM64.Build.0 = Debug|Any CPU
		{AA2521B3-0F1E-4774-88A6-03FEF000E63D}.Debug|x64.ActiveCfg = Debug|Any CPU
		{AA2521B3-0F1E-4774-88A6-03FEF000E63D}.Debug|x64.Build.0 = Debug|Any CPU
		{AA2521B3-0F1E-4774-88A6-03FEF000E63D}.Debug|x86.ActiveCfg = Debug|Any CPU
		{AA2521B3-0F1E-4774-88A6-03FEF000E63D}.Debug|x86.Build.0 = Debug|Any CPU
		{AA2521B3-0F1E-4774-88A6-03FEF000E63D}.Release|Any CPU.ActiveCfg = Release|Any CPU
		{AA2521B3-0F1E-4774-88A6-03FEF000E63D}.Release|Any CPU.Build.0 = Release|Any CPU
		{AA2521B3-0F1E-4774-88A6-03FEF000E63D}.Release|ARM.ActiveCfg = Release|Any CPU
		{AA2521B3-0F1E-4774-88A6-03FEF000E63D}.Release|ARM.Build.0 = Release|Any CPU
		{AA2521B3-0F1E-4774-88A6-03FEF000E63D}.Release|ARM64.ActiveCfg = Release|Any CPU
		{AA2521B3-0F1E-4774-88A6-03FEF000E63D}.Release|ARM64.Build.0 = Release|Any CPU
		{AA2521B3-0F1E-4774-88A6-03FEF000E63D}.Release|x64.ActiveCfg = Release|Any CPU
		{AA2521B3-0F1E-4774-88A6-03FEF000E63D}.Release|x64.Build.0 = Release|Any CPU
		{AA2521B3-0F1E-4774-88A6-03FEF000E63D}.Release|x86.ActiveCfg = Release|Any CPU
		{AA2521B3-0F1E-4774-88A6-03FEF000E63D}.Release|x86.Build.0 = Release|Any CPU
		{34DD2D22-1DEF-4BCA-99A3-DA67C2343687}.Debug|Any CPU.ActiveCfg = Debug|Any CPU
		{34DD2D22-1DEF-4BCA-99A3-DA67C2343687}.Debug|Any CPU.Build.0 = Debug|Any CPU
		{34DD2D22-1DEF-4BCA-99A3-DA67C2343687}.Debug|ARM.ActiveCfg = Debug|Any CPU
		{34DD2D22-1DEF-4BCA-99A3-DA67C2343687}.Debug|ARM.Build.0 = Debug|Any CPU
		{34DD2D22-1DEF-4BCA-99A3-DA67C2343687}.Debug|ARM64.ActiveCfg = Debug|Any CPU
		{34DD2D22-1DEF-4BCA-99A3-DA67C2343687}.Debug|ARM64.Build.0 = Debug|Any CPU
		{34DD2D22-1DEF-4BCA-99A3-DA67C2343687}.Debug|x64.ActiveCfg = Debug|Any CPU
		{34DD2D22-1DEF-4BCA-99A3-DA67C2343687}.Debug|x64.Build.0 = Debug|Any CPU
		{34DD2D22-1DEF-4BCA-99A3-DA67C2343687}.Debug|x86.ActiveCfg = Debug|Any CPU
		{34DD2D22-1DEF-4BCA-99A3-DA67C2343687}.Debug|x86.Build.0 = Debug|Any CPU
		{34DD2D22-1DEF-4BCA-99A3-DA67C2343687}.Release|Any CPU.ActiveCfg = Release|Any CPU
		{34DD2D22-1DEF-4BCA-99A3-DA67C2343687}.Release|Any CPU.Build.0 = Release|Any CPU
		{34DD2D22-1DEF-4BCA-99A3-DA67C2343687}.Release|ARM.ActiveCfg = Release|Any CPU
		{34DD2D22-1DEF-4BCA-99A3-DA67C2343687}.Release|ARM.Build.0 = Release|Any CPU
		{34DD2D22-1DEF-4BCA-99A3-DA67C2343687}.Release|ARM64.ActiveCfg = Release|Any CPU
		{34DD2D22-1DEF-4BCA-99A3-DA67C2343687}.Release|ARM64.Build.0 = Release|Any CPU
		{34DD2D22-1DEF-4BCA-99A3-DA67C2343687}.Release|x64.ActiveCfg = Release|Any CPU
		{34DD2D22-1DEF-4BCA-99A3-DA67C2343687}.Release|x64.Build.0 = Release|Any CPU
		{34DD2D22-1DEF-4BCA-99A3-DA67C2343687}.Release|x86.ActiveCfg = Release|Any CPU
		{34DD2D22-1DEF-4BCA-99A3-DA67C2343687}.Release|x86.Build.0 = Release|Any CPU
		{97467934-9B1F-4DC7-B133-B584303D784D}.Debug|Any CPU.ActiveCfg = Debug|Any CPU
		{97467934-9B1F-4DC7-B133-B584303D784D}.Debug|Any CPU.Build.0 = Debug|Any CPU
		{97467934-9B1F-4DC7-B133-B584303D784D}.Debug|ARM.ActiveCfg = Debug|Any CPU
		{97467934-9B1F-4DC7-B133-B584303D784D}.Debug|ARM.Build.0 = Debug|Any CPU
		{97467934-9B1F-4DC7-B133-B584303D784D}.Debug|ARM64.ActiveCfg = Debug|Any CPU
		{97467934-9B1F-4DC7-B133-B584303D784D}.Debug|ARM64.Build.0 = Debug|Any CPU
		{97467934-9B1F-4DC7-B133-B584303D784D}.Debug|x64.ActiveCfg = Debug|Any CPU
		{97467934-9B1F-4DC7-B133-B584303D784D}.Debug|x64.Build.0 = Debug|Any CPU
		{97467934-9B1F-4DC7-B133-B584303D784D}.Debug|x86.ActiveCfg = Debug|Any CPU
		{97467934-9B1F-4DC7-B133-B584303D784D}.Debug|x86.Build.0 = Debug|Any CPU
		{97467934-9B1F-4DC7-B133-B584303D784D}.Release|Any CPU.ActiveCfg = Release|Any CPU
		{97467934-9B1F-4DC7-B133-B584303D784D}.Release|Any CPU.Build.0 = Release|Any CPU
		{97467934-9B1F-4DC7-B133-B584303D784D}.Release|ARM.ActiveCfg = Release|Any CPU
		{97467934-9B1F-4DC7-B133-B584303D784D}.Release|ARM.Build.0 = Release|Any CPU
		{97467934-9B1F-4DC7-B133-B584303D784D}.Release|ARM64.ActiveCfg = Release|Any CPU
		{97467934-9B1F-4DC7-B133-B584303D784D}.Release|ARM64.Build.0 = Release|Any CPU
		{97467934-9B1F-4DC7-B133-B584303D784D}.Release|x64.ActiveCfg = Release|Any CPU
		{97467934-9B1F-4DC7-B133-B584303D784D}.Release|x64.Build.0 = Release|Any CPU
		{97467934-9B1F-4DC7-B133-B584303D784D}.Release|x86.ActiveCfg = Release|Any CPU
		{97467934-9B1F-4DC7-B133-B584303D784D}.Release|x86.Build.0 = Release|Any CPU
	EndGlobalSection
	GlobalSection(SolutionProperties) = preSolution
		HideSolutionNode = FALSE
	EndGlobalSection
	GlobalSection(ExtensibilityGlobals) = postSolution
		SolutionGuid = {38B6A329-6714-47C5-9AB2-315AE6791DD0}
	EndGlobalSection
EndGlobal
